// !$*UTF8*$!
{
	archiveVersion = 1;
	classes = {
	};
	objectVersion = 46;
	objects = {

/* Begin PBXBuildFile section */
		7EC3E82919F58E8A00E137C9 /* AppDelegate.swift in Sources */ = {isa = PBXBuildFile; fileRef = 7EC3E82819F58E8A00E137C9 /* AppDelegate.swift */; };
		7EC3E82C19F58E8A00E137C9 /* GitHub_Client.xcdatamodeld in Sources */ = {isa = PBXBuildFile; fileRef = 7EC3E82A19F58E8A00E137C9 /* GitHub_Client.xcdatamodeld */; };
		7EC3E82E19F58E8A00E137C9 /* ViewController.swift in Sources */ = {isa = PBXBuildFile; fileRef = 7EC3E82D19F58E8A00E137C9 /* ViewController.swift */; };
		7EC3E83119F58E8A00E137C9 /* Main.storyboard in Resources */ = {isa = PBXBuildFile; fileRef = 7EC3E82F19F58E8A00E137C9 /* Main.storyboard */; };
		7EC3E83319F58E8A00E137C9 /* Images.xcassets in Resources */ = {isa = PBXBuildFile; fileRef = 7EC3E83219F58E8A00E137C9 /* Images.xcassets */; };
		7EC3E83619F58E8A00E137C9 /* LaunchScreen.xib in Resources */ = {isa = PBXBuildFile; fileRef = 7EC3E83419F58E8A00E137C9 /* LaunchScreen.xib */; };
		7EC3E84219F58E8A00E137C9 /* GitHub_ClientTests.swift in Sources */ = {isa = PBXBuildFile; fileRef = 7EC3E84119F58E8A00E137C9 /* GitHub_ClientTests.swift */; };
		7EC3E84D19F58ED700E137C9 /* octicons.ttf in Resources */ = {isa = PBXBuildFile; fileRef = 7EC3E84C19F58EAF00E137C9 /* octicons.ttf */; };
		7EC3E84F19F5A23200E137C9 /* NetworkController.swift in Sources */ = {isa = PBXBuildFile; fileRef = 7EC3E84E19F5A23200E137C9 /* NetworkController.swift */; };
		7EC3E85119F5A4AB00E137C9 /* Repo.swift in Sources */ = {isa = PBXBuildFile; fileRef = 7EC3E85019F5A4AB00E137C9 /* Repo.swift */; };
		7EC3E85319F5A67200E137C9 /* RepoTableViewController.swift in Sources */ = {isa = PBXBuildFile; fileRef = 7EC3E85219F5A67200E137C9 /* RepoTableViewController.swift */; };
/* End PBXBuildFile section */

/* Begin PBXContainerItemProxy section */
		7EC3E83C19F58E8A00E137C9 /* PBXContainerItemProxy */ = {
			isa = PBXContainerItemProxy;
			containerPortal = 7EC3E81B19F58E8A00E137C9 /* Project object */;
			proxyType = 1;
			remoteGlobalIDString = 7EC3E82219F58E8A00E137C9;
			remoteInfo = "GitHub Client";
		};
/* End PBXContainerItemProxy section */

/* Begin PBXFileReference section */
		7EC3E82319F58E8A00E137C9 /* GitHub Client.app */ = {isa = PBXFileReference; explicitFileType = wrapper.application; includeInIndex = 0; path = "GitHub Client.app"; sourceTree = BUILT_PRODUCTS_DIR; };
		7EC3E82719F58E8A00E137C9 /* Info.plist */ = {isa = PBXFileReference; lastKnownFileType = text.plist.xml; path = Info.plist; sourceTree = "<group>"; };
		7EC3E82819F58E8A00E137C9 /* AppDelegate.swift */ = {isa = PBXFileReference; lastKnownFileType = sourcecode.swift; path = AppDelegate.swift; sourceTree = "<group>"; };
		7EC3E82B19F58E8A00E137C9 /* GitHub_Client.xcdatamodel */ = {isa = PBXFileReference; lastKnownFileType = wrapper.xcdatamodel; path = GitHub_Client.xcdatamodel; sourceTree = "<group>"; };
		7EC3E82D19F58E8A00E137C9 /* ViewController.swift */ = {isa = PBXFileReference; lastKnownFileType = sourcecode.swift; path = ViewController.swift; sourceTree = "<group>"; };
		7EC3E83019F58E8A00E137C9 /* Base */ = {isa = PBXFileReference; lastKnownFileType = file.storyboard; name = Base; path = Base.lproj/Main.storyboard; sourceTree = "<group>"; };
		7EC3E83219F58E8A00E137C9 /* Images.xcassets */ = {isa = PBXFileReference; lastKnownFileType = folder.assetcatalog; path = Images.xcassets; sourceTree = "<group>"; };
		7EC3E83519F58E8A00E137C9 /* Base */ = {isa = PBXFileReference; lastKnownFileType = file.xib; name = Base; path = Base.lproj/LaunchScreen.xib; sourceTree = "<group>"; };
		7EC3E83B19F58E8A00E137C9 /* GitHub ClientTests.xctest */ = {isa = PBXFileReference; explicitFileType = wrapper.cfbundle; includeInIndex = 0; path = "GitHub ClientTests.xctest"; sourceTree = BUILT_PRODUCTS_DIR; };
		7EC3E84019F58E8A00E137C9 /* Info.plist */ = {isa = PBXFileReference; lastKnownFileType = text.plist.xml; path = Info.plist; sourceTree = "<group>"; };
		7EC3E84119F58E8A00E137C9 /* GitHub_ClientTests.swift */ = {isa = PBXFileReference; lastKnownFileType = sourcecode.swift; path = GitHub_ClientTests.swift; sourceTree = "<group>"; };
		7EC3E84C19F58EAF00E137C9 /* octicons.ttf */ = {isa = PBXFileReference; lastKnownFileType = file; path = octicons.ttf; sourceTree = "<group>"; };
		7EC3E84E19F5A23200E137C9 /* NetworkController.swift */ = {isa = PBXFileReference; fileEncoding = 4; lastKnownFileType = sourcecode.swift; path = NetworkController.swift; sourceTree = "<group>"; };
		7EC3E85019F5A4AB00E137C9 /* Repo.swift */ = {isa = PBXFileReference; fileEncoding = 4; lastKnownFileType = sourcecode.swift; path = Repo.swift; sourceTree = "<group>"; };
		7EC3E85219F5A67200E137C9 /* RepoTableViewController.swift */ = {isa = PBXFileReference; fileEncoding = 4; lastKnownFileType = sourcecode.swift; path = RepoTableViewController.swift; sourceTree = "<group>"; };
/* End PBXFileReference section */

/* Begin PBXFrameworksBuildPhase section */
		7EC3E82019F58E8A00E137C9 /* Frameworks */ = {
			isa = PBXFrameworksBuildPhase;
			buildActionMask = 2147483647;
			files = (
			);
			runOnlyForDeploymentPostprocessing = 0;
		};
		7EC3E83819F58E8A00E137C9 /* Frameworks */ = {
			isa = PBXFrameworksBuildPhase;
			buildActionMask = 2147483647;
			files = (
			);
			runOnlyForDeploymentPostprocessing = 0;
		};
/* End PBXFrameworksBuildPhase section */

/* Begin PBXGroup section */
		7EC3E81A19F58E8900E137C9 = {
			isa = PBXGroup;
			children = (
				7EC3E82519F58E8A00E137C9 /* GitHub Client */,
				7EC3E83E19F58E8A00E137C9 /* GitHub ClientTests */,
				7EC3E82419F58E8A00E137C9 /* Products */,
			);
			sourceTree = "<group>";
		};
		7EC3E82419F58E8A00E137C9 /* Products */ = {
			isa = PBXGroup;
			children = (
				7EC3E82319F58E8A00E137C9 /* GitHub Client.app */,
				7EC3E83B19F58E8A00E137C9 /* GitHub ClientTests.xctest */,
			);
			name = Products;
			sourceTree = "<group>";
		};
		7EC3E82519F58E8A00E137C9 /* GitHub Client */ = {
			isa = PBXGroup;
			children = (
				7EC3E82819F58E8A00E137C9 /* AppDelegate.swift */,
				7EC3E85219F5A67200E137C9 /* RepoTableViewController.swift */,
				7EC3E82D19F58E8A00E137C9 /* ViewController.swift */,
				7EC3E84E19F5A23200E137C9 /* NetworkController.swift */,
				7EC3E85019F5A4AB00E137C9 /* Repo.swift */,
				7EC3E82F19F58E8A00E137C9 /* Main.storyboard */,
				7EC3E83219F58E8A00E137C9 /* Images.xcassets */,
				7EC3E83419F58E8A00E137C9 /* LaunchScreen.xib */,
				7EC3E82A19F58E8A00E137C9 /* GitHub_Client.xcdatamodeld */,
				7EC3E82619F58E8A00E137C9 /* Supporting Files */,
			);
			path = "GitHub Client";
			sourceTree = "<group>";
		};
		7EC3E82619F58E8A00E137C9 /* Supporting Files */ = {
			isa = PBXGroup;
			children = (
				7EC3E84B19F58E9F00E137C9 /* Fonts */,
				7EC3E82719F58E8A00E137C9 /* Info.plist */,
			);
			name = "Supporting Files";
			sourceTree = "<group>";
		};
		7EC3E83E19F58E8A00E137C9 /* GitHub ClientTests */ = {
			isa = PBXGroup;
			children = (
				7EC3E84119F58E8A00E137C9 /* GitHub_ClientTests.swift */,
				7EC3E83F19F58E8A00E137C9 /* Supporting Files */,
			);
			path = "GitHub ClientTests";
			sourceTree = "<group>";
		};
		7EC3E83F19F58E8A00E137C9 /* Supporting Files */ = {
			isa = PBXGroup;
			children = (
				7EC3E84019F58E8A00E137C9 /* Info.plist */,
			);
			name = "Supporting Files";
			sourceTree = "<group>";
		};
		7EC3E84B19F58E9F00E137C9 /* Fonts */ = {
			isa = PBXGroup;
			children = (
				7EC3E84C19F58EAF00E137C9 /* octicons.ttf */,
			);
			name = Fonts;
			sourceTree = "<group>";
		};
/* End PBXGroup section */

/* Begin PBXNativeTarget section */
		7EC3E82219F58E8A00E137C9 /* GitHub Client */ = {
			isa = PBXNativeTarget;
			buildConfigurationList = 7EC3E84519F58E8A00E137C9 /* Build configuration list for PBXNativeTarget "GitHub Client" */;
			buildPhases = (
				7EC3E81F19F58E8A00E137C9 /* Sources */,
				7EC3E82019F58E8A00E137C9 /* Frameworks */,
				7EC3E82119F58E8A00E137C9 /* Resources */,
			);
			buildRules = (
			);
			dependencies = (
			);
			name = "GitHub Client";
			productName = "GitHub Client";
			productReference = 7EC3E82319F58E8A00E137C9 /* GitHub Client.app */;
			productType = "com.apple.product-type.application";
		};
		7EC3E83A19F58E8A00E137C9 /* GitHub ClientTests */ = {
			isa = PBXNativeTarget;
			buildConfigurationList = 7EC3E84819F58E8A00E137C9 /* Build configuration list for PBXNativeTarget "GitHub ClientTests" */;
			buildPhases = (
				7EC3E83719F58E8A00E137C9 /* Sources */,
				7EC3E83819F58E8A00E137C9 /* Frameworks */,
				7EC3E83919F58E8A00E137C9 /* Resources */,
			);
			buildRules = (
			);
			dependencies = (
				7EC3E83D19F58E8A00E137C9 /* PBXTargetDependency */,
			);
			name = "GitHub ClientTests";
			productName = "GitHub ClientTests";
			productReference = 7EC3E83B19F58E8A00E137C9 /* GitHub ClientTests.xctest */;
			productType = "com.apple.product-type.bundle.unit-test";
		};
/* End PBXNativeTarget section */

/* Begin PBXProject section */
		7EC3E81B19F58E8A00E137C9 /* Project object */ = {
			isa = PBXProject;
			attributes = {
				LastUpgradeCheck = 0600;
				ORGANIZATIONNAME = "Cameron Klein";
				TargetAttributes = {
					7EC3E82219F58E8A00E137C9 = {
						CreatedOnToolsVersion = 6.0;
					};
					7EC3E83A19F58E8A00E137C9 = {
						CreatedOnToolsVersion = 6.0;
						TestTargetID = 7EC3E82219F58E8A00E137C9;
					};
				};
			};
			buildConfigurationList = 7EC3E81E19F58E8A00E137C9 /* Build configuration list for PBXProject "GitHub Client" */;
			compatibilityVersion = "Xcode 3.2";
			developmentRegion = English;
			hasScannedForEncodings = 0;
			knownRegions = (
				en,
				Base,
			);
			mainGroup = 7EC3E81A19F58E8900E137C9;
			productRefGroup = 7EC3E82419F58E8A00E137C9 /* Products */;
			projectDirPath = "";
			projectRoot = "";
			targets = (
				7EC3E82219F58E8A00E137C9 /* GitHub Client */,
				7EC3E83A19F58E8A00E137C9 /* GitHub ClientTests */,
			);
		};
/* End PBXProject section */

/* Begin PBXResourcesBuildPhase section */
		7EC3E82119F58E8A00E137C9 /* Resources */ = {
			isa = PBXResourcesBuildPhase;
			buildActionMask = 2147483647;
			files = (
				7EC3E83119F58E8A00E137C9 /* Main.storyboard in Resources */,
				7EC3E83619F58E8A00E137C9 /* LaunchScreen.xib in Resources */,
				7EC3E84D19F58ED700E137C9 /* octicons.ttf in Resources */,
				7EC3E83319F58E8A00E137C9 /* Images.xcassets in Resources */,
			);
			runOnlyForDeploymentPostprocessing = 0;
		};
		7EC3E83919F58E8A00E137C9 /* Resources */ = {
			isa = PBXResourcesBuildPhase;
			buildActionMask = 2147483647;
			files = (
			);
			runOnlyForDeploymentPostprocessing = 0;
		};
/* End PBXResourcesBuildPhase section */

/* Begin PBXSourcesBuildPhase section */
		7EC3E81F19F58E8A00E137C9 /* Sources */ = {
			isa = PBXSourcesBuildPhase;
			buildActionMask = 2147483647;
			files = (
				7EC3E84F19F5A23200E137C9 /* NetworkController.swift in Sources */,
				7EC3E85319F5A67200E137C9 /* RepoTableViewController.swift in Sources */,
				7EC3E82E19F58E8A00E137C9 /* ViewController.swift in Sources */,
				7EC3E85119F5A4AB00E137C9 /* Repo.swift in Sources */,
				7EC3E82919F58E8A00E137C9 /* AppDelegate.swift in Sources */,
				7EC3E82C19F58E8A00E137C9 /* GitHub_Client.xcdatamodeld in Sources */,
			);
			runOnlyForDeploymentPostprocessing = 0;
		};
		7EC3E83719F58E8A00E137C9 /* Sources */ = {
			isa = PBXSourcesBuildPhase;
			buildActionMask = 2147483647;
			files = (
				7EC3E84219F58E8A00E137C9 /* GitHub_ClientTests.swift in Sources */,
			);
			runOnlyForDeploymentPostprocessing = 0;
		};
/* End PBXSourcesBuildPhase section */

/* Begin PBXTargetDependency section */
		7EC3E83D19F58E8A00E137C9 /* PBXTargetDependency */ = {
			isa = PBXTargetDependency;
			target = 7EC3E82219F58E8A00E137C9 /* GitHub Client */;
			targetProxy = 7EC3E83C19F58E8A00E137C9 /* PBXContainerItemProxy */;
		};
/* End PBXTargetDependency section */

/* Begin PBXVariantGroup section */
		7EC3E82F19F58E8A00E137C9 /* Main.storyboard */ = {
			isa = PBXVariantGroup;
			children = (
				7EC3E83019F58E8A00E137C9 /* Base */,
			);
			name = Main.storyboard;
			sourceTree = "<group>";
		};
		7EC3E83419F58E8A00E137C9 /* LaunchScreen.xib */ = {
			isa = PBXVariantGroup;
			children = (
				7EC3E83519F58E8A00E137C9 /* Base */,
			);
			name = LaunchScreen.xib;
			sourceTree = "<group>";
		};
/* End PBXVariantGroup section */

/* Begin XCBuildConfiguration section */
		7EC3E84319F58E8A00E137C9 /* Debug */ = {
			isa = XCBuildConfiguration;
			buildSettings = {
				ALWAYS_SEARCH_USER_PATHS = NO;
				CLANG_CXX_LANGUAGE_STANDARD = "gnu++0x";
				CLANG_CXX_LIBRARY = "libc++";
				CLANG_ENABLE_MODULES = YES;
				CLANG_ENABLE_OBJC_ARC = YES;
				CLANG_WARN_BOOL_CONVERSION = YES;
				CLANG_WARN_CONSTANT_CONVERSION = YES;
				CLANG_WARN_DIRECT_OBJC_ISA_USAGE = YES_ERROR;
				CLANG_WARN_EMPTY_BODY = YES;
				CLANG_WARN_ENUM_CONVERSION = YES;
				CLANG_WARN_INT_CONVERSION = YES;
				CLANG_WARN_OBJC_ROOT_CLASS = YES_ERROR;
				CLANG_WARN_UNREACHABLE_CODE = YES;
				CLANG_WARN__DUPLICATE_METHOD_MATCH = YES;
				"CODE_SIGN_IDENTITY[sdk=iphoneos*]" = "iPhone Developer";
				COPY_PHASE_STRIP = NO;
				ENABLE_STRICT_OBJC_MSGSEND = YES;
				GCC_C_LANGUAGE_STANDARD = gnu99;
				GCC_DYNAMIC_NO_PIC = NO;
				GCC_OPTIMIZATION_LEVEL = 0;
				GCC_PREPROCESSOR_DEFINITIONS = (
					"DEBUG=1",
					"$(inherited)",
				);
				GCC_SYMBOLS_PRIVATE_EXTERN = NO;
				GCC_WARN_64_TO_32_BIT_CONVERSION = YES;
				GCC_WARN_ABOUT_RETURN_TYPE = YES_ERROR;
				GCC_WARN_UNDECLARED_SELECTOR = YES;
				GCC_WARN_UNINITIALIZED_AUTOS = YES_AGGRESSIVE;
				GCC_WARN_UNUSED_FUNCTION = YES;
				GCC_WARN_UNUSED_VARIABLE = YES;
				IPHONEOS_DEPLOYMENT_TARGET = 8.0;
				MTL_ENABLE_DEBUG_INFO = YES;
				ONLY_ACTIVE_ARCH = YES;
				SDKROOT = iphoneos;
				SWIFT_OPTIMIZATION_LEVEL = "-Onone";
				TARGETED_DEVICE_FAMILY = "1,2";
			};
			name = Debug;
		};
		7EC3E84419F58E8A00E137C9 /* Release */ = {
			isa = XCBuildConfiguration;
			buildSettings = {
				ALWAYS_SEARCH_USER_PATHS = NO;
				CLANG_CXX_LANGUAGE_STANDARD = "gnu++0x";
				CLANG_CXX_LIBRARY = "libc++";
				CLANG_ENABLE_MODULES = YES;
				CLANG_ENABLE_OBJC_ARC = YES;
				CLANG_WARN_BOOL_CONVERSION = YES;
				CLANG_WARN_CONSTANT_CONVERSION = YES;
				CLANG_WARN_DIRECT_OBJC_ISA_USAGE = YES_ERROR;
				CLANG_WARN_EMPTY_BODY = YES;
				CLANG_WARN_ENUM_CONVERSION = YES;
				CLANG_WARN_INT_CONVERSION = YES;
				CLANG_WARN_OBJC_ROOT_CLASS = YES_ERROR;
				CLANG_WARN_UNREACHABLE_CODE = YES;
				CLANG_WARN__DUPLICATE_METHOD_MATCH = YES;
				"CODE_SIGN_IDENTITY[sdk=iphoneos*]" = "iPhone Developer";
				COPY_PHASE_STRIP = YES;
				ENABLE_NS_ASSERTIONS = NO;
				ENABLE_STRICT_OBJC_MSGSEND = YES;
				GCC_C_LANGUAGE_STANDARD = gnu99;
				GCC_WARN_64_TO_32_BIT_CONVERSION = YES;
				GCC_WARN_ABOUT_RETURN_TYPE = YES_ERROR;
				GCC_WARN_UNDECLARED_SELECTOR = YES;
				GCC_WARN_UNINITIALIZED_AUTOS = YES_AGGRESSIVE;
				GCC_WARN_UNUSED_FUNCTION = YES;
				GCC_WARN_UNUSED_VARIABLE = YES;
				IPHONEOS_DEPLOYMENT_TARGET = 8.0;
				MTL_ENABLE_DEBUG_INFO = NO;
				SDKROOT = iphoneos;
				TARGETED_DEVICE_FAMILY = "1,2";
				VALIDATE_PRODUCT = YES;
			};
			name = Release;
		};
		7EC3E84619F58E8A00E137C9 /* Debug */ = {
			isa = XCBuildConfiguration;
			buildSettings = {
				ASSETCATALOG_COMPILER_APPICON_NAME = AppIcon;
				INFOPLIST_FILE = "GitHub Client/Info.plist";
				LD_RUNPATH_SEARCH_PATHS = "$(inherited) @executable_path/Frameworks";
				PRODUCT_NAME = "$(TARGET_NAME)";
			};
			name = Debug;
		};
		7EC3E84719F58E8A00E137C9 /* Release */ = {
			isa = XCBuildConfiguration;
			buildSettings = {
				ASSETCATALOG_COMPILER_APPICON_NAME = AppIcon;
				INFOPLIST_FILE = "GitHub Client/Info.plist";
				LD_RUNPATH_SEARCH_PATHS = "$(inherited) @executable_path/Frameworks";
				PRODUCT_NAME = "$(TARGET_NAME)";
			};
			name = Release;
		};
		7EC3E84919F58E8A00E137C9 /* Debug */ = {
			isa = XCBuildConfiguration;
			buildSettings = {
				BUNDLE_LOADER = "$(TEST_HOST)";
				FRAMEWORK_SEARCH_PATHS = (
					"$(SDKROOT)/Developer/Library/Frameworks",
					"$(inherited)",
				);
				GCC_PREPROCESSOR_DEFINITIONS = (
					"DEBUG=1",
					"$(inherited)",
				);
				INFOPLIST_FILE = "GitHub ClientTests/Info.plist";
				LD_RUNPATH_SEARCH_PATHS = "$(inherited) @executable_path/Frameworks @loader_path/Frameworks";
				PRODUCT_NAME = "$(TARGET_NAME)";
				TEST_HOST = "$(BUILT_PRODUCTS_DIR)/GitHub Client.app/GitHub Client";
			};
			name = Debug;
		};
		7EC3E84A19F58E8A00E137C9 /* Release */ = {
			isa = XCBuildConfiguration;
			buildSettings = {
				BUNDLE_LOADER = "$(TEST_HOST)";
				FRAMEWORK_SEARCH_PATHS = (
					"$(SDKROOT)/Developer/Library/Frameworks",
					"$(inherited)",
				);
				INFOPLIST_FILE = "GitHub ClientTests/Info.plist";
				LD_RUNPATH_SEARCH_PATHS = "$(inherited) @executable_path/Frameworks @loader_path/Frameworks";
				PRODUCT_NAME = "$(TARGET_NAME)";
				TEST_HOST = "$(BUILT_PRODUCTS_DIR)/GitHub Client.app/GitHub Client";
			};
			name = Release;
		};
/* End XCBuildConfiguration section */

/* Begin XCConfigurationList section */
		7EC3E81E19F58E8A00E137C9 /* Build configuration list for PBXProject "GitHub Client" */ = {
			isa = XCConfigurationList;
			buildConfigurations = (
				7EC3E84319F58E8A00E137C9 /* Debug */,
				7EC3E84419F58E8A00E137C9 /* Release */,
			);
			defaultConfigurationIsVisible = 0;
			defaultConfigurationName = Release;
		};
		7EC3E84519F58E8A00E137C9 /* Build configuration list for PBXNativeTarget "GitHub Client" */ = {
			isa = XCConfigurationList;
			buildConfigurations = (
				7EC3E84619F58E8A00E137C9 /* Debug */,
				7EC3E84719F58E8A00E137C9 /* Release */,
			);
			defaultConfigurationIsVisible = 0;
		};
		7EC3E84819F58E8A00E137C9 /* Build configuration list for PBXNativeTarget "GitHub ClientTests" */ = {
			isa = XCConfigurationList;
			buildConfigurations = (
				7EC3E84919F58E8A00E137C9 /* Debug */,
				7EC3E84A19F58E8A00E137C9 /* Release */,
			);
			defaultConfigurationIsVisible = 0;
		};
/* End XCConfigurationList section */

/* Begin XCVersionGroup section */
		7EC3E82A19F58E8A00E137C9 /* GitHub_Client.xcdatamodeld */ = {
			isa = XCVersionGroup;
			children = (
				7EC3E82B19F58E8A00E137C9 /* GitHub_Client.xcdatamodel */,
			);
			currentVersion = 7EC3E82B19F58E8A00E137C9 /* GitHub_Client.xcdatamodel */;
			path = GitHub_Client.xcdatamodeld;
			sourceTree = "<group>";
			versionGroupType = wrapper.xcdatamodel;
		};
/* End XCVersionGroup section */
	};
	rootObject = 7EC3E81B19F58E8A00E137C9 /* Project object */;
}
